
Microsoft Visual Studio Solution File, Format Version 12.00
# Visual Studio Version 17
VisualStudioVersion = 17.3.32901.215
MinimumVisualStudioVersion = 10.0.40219.1
Project("{9A19103F-16F7-4668-BE54-9A1E7A4F7556}") = "AcsEmulatorAPI", "AcsEmulatorAPI\AcsEmulatorAPI.csproj", "{8735D885-11B8-4D74-808D-8970926698DB}"
EndProject
Project("{9A19103F-16F7-4668-BE54-9A1E7A4F7556}") = "AcsEmulatorCLI", "AcsEmulatorCLI\AcsEmulatorCLI.csproj", "{4C8618C9-EBC1-4B78-8BCA-D90B79014363}"
EndProject
Project("{FAE04EC0-301F-11D3-BF4B-00C04F79EFBC}") = "AcsEmulatorAPI.Tests", "AcsEmulatorAPI.Tests\AcsEmulatorAPI.Tests.csproj", "{8BFDEB3F-28B3-4565-80CC-DAF420E01C29}"
EndProject
Global
	GlobalSection(SolutionConfigurationPlatforms) = preSolution
		Debug|Any CPU = Debug|Any CPU
		Release|Any CPU = Release|Any CPU
	EndGlobalSection
	GlobalSection(ProjectConfigurationPlatforms) = postSolution
		{8735D885-11B8-4D74-808D-8970926698DB}.Debug|Any CPU.ActiveCfg = Debug|Any CPU
		{8735D885-11B8-4D74-808D-8970926698DB}.Debug|Any CPU.Build.0 = Debug|Any CPU
		{8735D885-11B8-4D74-808D-8970926698DB}.Release|Any CPU.ActiveCfg = Release|Any CPU
		{8735D885-11B8-4D74-808D-8970926698DB}.Release|Any CPU.Build.0 = Release|Any CPU
		{4C8618C9-EBC1-4B78-8BCA-D90B79014363}.Debug|Any CPU.ActiveCfg = Debug|Any CPU
		{4C8618C9-EBC1-4B78-8BCA-D90B79014363}.Debug|Any CPU.Build.0 = Debug|Any CPU
		{4C8618C9-EBC1-4B78-8BCA-D90B79014363}.Release|Any CPU.ActiveCfg = Release|Any CPU
		{4C8618C9-EBC1-4B78-8BCA-D90B79014363}.Release|Any CPU.Build.0 = Release|Any CPU
		{8BFDEB3F-28B3-4565-80CC-DAF420E01C29}.Debug|Any CPU.ActiveCfg = Debug|Any CPU
		{8BFDEB3F-28B3-4565-80CC-DAF420E01C29}.Debug|Any CPU.Build.0 = Debug|Any CPU
		{8BFDEB3F-28B3-4565-80CC-DAF420E01C29}.Release|Any CPU.ActiveCfg = Release|Any CPU
		{8BFDEB3F-28B3-4565-80CC-DAF420E01C29}.Release|Any CPU.Build.0 = Release|Any CPU
	EndGlobalSection
	GlobalSection(SolutionProperties) = preSolution
		HideSolutionNode = FALSE
	EndGlobalSection
	GlobalSection(ExtensibilityGlobals) = postSolution
		SolutionGuid = {5AD58298-00D8-48BA-A944-5C347DAC096D}
	EndGlobalSection
EndGlobal
